
Microsoft Visual Studio Solution File, Format Version 12.00
# Visual Studio 15
VisualStudioVersion = 15.0.28307.329
MinimumVisualStudioVersion = 10.0.40219.1
Project("{2150E333-8FDC-42A3-9474-1A3956D46DE8}") = "Solution Items", "Solution Items", "{06466FAC-6FEE-4F51-81FD-13B6017C618A}"
	ProjectSection(SolutionItems) = preProject
		global.json = global.json
		readme.md = readme.md
	EndProjectSection
EndProject
Project("{2150E333-8FDC-42A3-9474-1A3956D46DE8}") = "src", "src", "{DC8D2A2C-80FE-4BFE-9C90-47DADF81758F}"
EndProject
Project("{2150E333-8FDC-42A3-9474-1A3956D46DE8}") = "1 - Presentation", "1 - Presentation", "{F77C0561-1CFF-4FD6-A0F4-0DBA9E023F0C}"
EndProject
Project("{2150E333-8FDC-42A3-9474-1A3956D46DE8}") = "2 - Services", "2 - Services", "{87F3E503-48EB-4588-8521-12D55B26A711}"
EndProject
Project("{2150E333-8FDC-42A3-9474-1A3956D46DE8}") = "3 - Application", "3 - Application", "{030C1ACA-A8D3-4D03-8041-F2D076C3B9EC}"
EndProject
Project("{2150E333-8FDC-42A3-9474-1A3956D46DE8}") = "4 - Domain", "4 - Domain", "{B4045EC8-AE1C-4C7D-923C-AAD652D2C73E}"
EndProject
Project("{2150E333-8FDC-42A3-9474-1A3956D46DE8}") = "5 - Infra", "5 - Infra", "{CCC7C4B5-5978-45C6-A9DD-A5192FFFD390}"
EndProject
Project("{9A19103F-16F7-4668-BE54-9A1E7A4F7556}") = "DemoCore.Domain", "src\Entity\DemoCore.Domain.csproj", "{B5A36C7D-3C6A-413E-B743-669E34F0B5B4}"
EndProject
Project("{2150E333-8FDC-42A3-9474-1A3956D46DE8}") = "Data", "Data", "{EF000450-1D69-44A6-BF47-42DA6FA88439}"
EndProject
Project("{9A19103F-16F7-4668-BE54-9A1E7A4F7556}") = "DemoCore.WebAPI", "src\DemoCore.WebApi\DemoCore.WebAPI.csproj", "{0C6E503B-0A36-45F8-9A0A-B50BAF90DF5F}"
EndProject
Project("{9A19103F-16F7-4668-BE54-9A1E7A4F7556}") = "DemoCore.WebUI", "src\DemoCore.WebUI\DemoCore.WebUI.csproj", "{1A4620E9-8C62-4344-A020-05904F8138FC}"
EndProject
Project("{9A19103F-16F7-4668-BE54-9A1E7A4F7556}") = "DemoCore.Domain.Core", "src\DemoCore.Domain.Core\DemoCore.Domain.Core.csproj", "{AD5FD6B0-4272-4743-8A96-BD5F7FCD6918}"
EndProject
Project("{9A19103F-16F7-4668-BE54-9A1E7A4F7556}") = "DemoCore.Infra.Data", "src\DemoCore.Infra.Data\DemoCore.Infra.Data.csproj", "{32B75641-C083-428C-81C5-FEDC62514EC9}"
EndProject
Project("{2150E333-8FDC-42A3-9474-1A3956D46DE8}") = "CrossCutting", "CrossCutting", "{4166148C-2B2F-4297-9865-82DDDC0B5B86}"
EndProject
Project("{9A19103F-16F7-4668-BE54-9A1E7A4F7556}") = "DemoCore.Infra.CrossCutting.IoC", "src\DemoCore.Infra.CrossCutting.IoC\DemoCore.Infra.CrossCutting.IoC.csproj", "{FF0DABFB-89C6-4B71-A2A4-7A128AA692D5}"
EndProject
Project("{9A19103F-16F7-4668-BE54-9A1E7A4F7556}") = "DemoCore.Infra.CrossCutting.Identity", "src\DemoCore.Infra.CrossCutting.Identity\DemoCore.Infra.CrossCutting.Identity.csproj", "{B1738C05-5897-4C34-97B2-780878D6B4B3}"
EndProject
Project("{9A19103F-16F7-4668-BE54-9A1E7A4F7556}") = "DemoCore.Infra.CrossCutting.Bus", "src\DemoCore.Infra.CrossCutting.Bus\DemoCore.Infra.CrossCutting.Bus.csproj", "{0E14E44D-D7E0-45A2-B72A-D0A41CC943D9}"
EndProject
Project("{9A19103F-16F7-4668-BE54-9A1E7A4F7556}") = "DemoCore.Application", "src\DemoCore.Application\DemoCore.Application.csproj", "{30F12723-0587-46D6-A90D-9A7B32F8D01C}"
EndProject
Global
	GlobalSection(SolutionConfigurationPlatforms) = preSolution
		Debug|Any CPU = Debug|Any CPU
		Release|Any CPU = Release|Any CPU
	EndGlobalSection
	GlobalSection(ProjectConfigurationPlatforms) = postSolution
		{B5A36C7D-3C6A-413E-B743-669E34F0B5B4}.Debug|Any CPU.ActiveCfg = Debug|Any CPU
		{B5A36C7D-3C6A-413E-B743-669E34F0B5B4}.Debug|Any CPU.Build.0 = Debug|Any CPU
		{B5A36C7D-3C6A-413E-B743-669E34F0B5B4}.Release|Any CPU.ActiveCfg = Release|Any CPU
		{B5A36C7D-3C6A-413E-B743-669E34F0B5B4}.Release|Any CPU.Build.0 = Release|Any CPU
		{0C6E503B-0A36-45F8-9A0A-B50BAF90DF5F}.Debug|Any CPU.ActiveCfg = Debug|Any CPU
		{0C6E503B-0A36-45F8-9A0A-B50BAF90DF5F}.Debug|Any CPU.Build.0 = Debug|Any CPU
		{0C6E503B-0A36-45F8-9A0A-B50BAF90DF5F}.Release|Any CPU.ActiveCfg = Release|Any CPU
		{0C6E503B-0A36-45F8-9A0A-B50BAF90DF5F}.Release|Any CPU.Build.0 = Release|Any CPU
		{1A4620E9-8C62-4344-A020-05904F8138FC}.Debug|Any CPU.ActiveCfg = Debug|Any CPU
		{1A4620E9-8C62-4344-A020-05904F8138FC}.Debug|Any CPU.Build.0 = Debug|Any CPU
		{1A4620E9-8C62-4344-A020-05904F8138FC}.Release|Any CPU.ActiveCfg = Release|Any CPU
		{1A4620E9-8C62-4344-A020-05904F8138FC}.Release|Any CPU.Build.0 = Release|Any CPU
		{AD5FD6B0-4272-4743-8A96-BD5F7FCD6918}.Debug|Any CPU.ActiveCfg = Debug|Any CPU
		{AD5FD6B0-4272-4743-8A96-BD5F7FCD6918}.Debug|Any CPU.Build.0 = Debug|Any CPU
		{AD5FD6B0-4272-4743-8A96-BD5F7FCD6918}.Release|Any CPU.ActiveCfg = Release|Any CPU
		{AD5FD6B0-4272-4743-8A96-BD5F7FCD6918}.Release|Any CPU.Build.0 = Release|Any CPU
		{32B75641-C083-428C-81C5-FEDC62514EC9}.Debug|Any CPU.ActiveCfg = Debug|Any CPU
		{32B75641-C083-428C-81C5-FEDC62514EC9}.Debug|Any CPU.Build.0 = Debug|Any CPU
		{32B75641-C083-428C-81C5-FEDC62514EC9}.Release|Any CPU.ActiveCfg = Release|Any CPU
		{32B75641-C083-428C-81C5-FEDC62514EC9}.Release|Any CPU.Build.0 = Release|Any CPU
		{FF0DABFB-89C6-4B71-A2A4-7A128AA692D5}.Debug|Any CPU.ActiveCfg = Debug|Any CPU
		{FF0DABFB-89C6-4B71-A2A4-7A128AA692D5}.Debug|Any CPU.Build.0 = Debug|Any CPU
		{FF0DABFB-89C6-4B71-A2A4-7A128AA692D5}.Release|Any CPU.ActiveCfg = Release|Any CPU
		{FF0DABFB-89C6-4B71-A2A4-7A128AA692D5}.Release|Any CPU.Build.0 = Release|Any CPU
		{B1738C05-5897-4C34-97B2-780878D6B4B3}.Debug|Any CPU.ActiveCfg = Debug|Any CPU
		{B1738C05-5897-4C34-97B2-780878D6B4B3}.Debug|Any CPU.Build.0 = Debug|Any CPU
		{B1738C05-5897-4C34-97B2-780878D6B4B3}.Release|Any CPU.ActiveCfg = Release|Any CPU
		{B1738C05-5897-4C34-97B2-780878D6B4B3}.Release|Any CPU.Build.0 = Release|Any CPU
		{0E14E44D-D7E0-45A2-B72A-D0A41CC943D9}.Debug|Any CPU.ActiveCfg = Debug|Any CPU
		{0E14E44D-D7E0-45A2-B72A-D0A41CC943D9}.Debug|Any CPU.Build.0 = Debug|Any CPU
		{0E14E44D-D7E0-45A2-B72A-D0A41CC943D9}.Release|Any CPU.ActiveCfg = Release|Any CPU
		{0E14E44D-D7E0-45A2-B72A-D0A41CC943D9}.Release|Any CPU.Build.0 = Release|Any CPU
		{30F12723-0587-46D6-A90D-9A7B32F8D01C}.Debug|Any CPU.ActiveCfg = Debug|Any CPU
		{30F12723-0587-46D6-A90D-9A7B32F8D01C}.Debug|Any CPU.Build.0 = Debug|Any CPU
		{30F12723-0587-46D6-A90D-9A7B32F8D01C}.Release|Any CPU.ActiveCfg = Release|Any CPU
		{30F12723-0587-46D6-A90D-9A7B32F8D01C}.Release|Any CPU.Build.0 = Release|Any CPU
	EndGlobalSection
	GlobalSection(SolutionProperties) = preSolution
		HideSolutionNode = FALSE
	EndGlobalSection
	GlobalSection(NestedProjects) = preSolution
		{F77C0561-1CFF-4FD6-A0F4-0DBA9E023F0C} = {DC8D2A2C-80FE-4BFE-9C90-47DADF81758F}
		{87F3E503-48EB-4588-8521-12D55B26A711} = {DC8D2A2C-80FE-4BFE-9C90-47DADF81758F}
		{030C1ACA-A8D3-4D03-8041-F2D076C3B9EC} = {DC8D2A2C-80FE-4BFE-9C90-47DADF81758F}
		{B4045EC8-AE1C-4C7D-923C-AAD652D2C73E} = {DC8D2A2C-80FE-4BFE-9C90-47DADF81758F}
		{CCC7C4B5-5978-45C6-A9DD-A5192FFFD390} = {DC8D2A2C-80FE-4BFE-9C90-47DADF81758F}
		{B5A36C7D-3C6A-413E-B743-669E34F0B5B4} = {B4045EC8-AE1C-4C7D-923C-AAD652D2C73E}
		{EF000450-1D69-44A6-BF47-42DA6FA88439} = {CCC7C4B5-5978-45C6-A9DD-A5192FFFD390}
		{0C6E503B-0A36-45F8-9A0A-B50BAF90DF5F} = {87F3E503-48EB-4588-8521-12D55B26A711}
		{1A4620E9-8C62-4344-A020-05904F8138FC} = {F77C0561-1CFF-4FD6-A0F4-0DBA9E023F0C}
		{AD5FD6B0-4272-4743-8A96-BD5F7FCD6918} = {B4045EC8-AE1C-4C7D-923C-AAD652D2C73E}
		{32B75641-C083-428C-81C5-FEDC62514EC9} = {EF000450-1D69-44A6-BF47-42DA6FA88439}
		{4166148C-2B2F-4297-9865-82DDDC0B5B86} = {CCC7C4B5-5978-45C6-A9DD-A5192FFFD390}
		{FF0DABFB-89C6-4B71-A2A4-7A128AA692D5} = {4166148C-2B2F-4297-9865-82DDDC0B5B86}
		{B1738C05-5897-4C34-97B2-780878D6B4B3} = {4166148C-2B2F-4297-9865-82DDDC0B5B86}
		{0E14E44D-D7E0-45A2-B72A-D0A41CC943D9} = {4166148C-2B2F-4297-9865-82DDDC0B5B86}
		{30F12723-0587-46D6-A90D-9A7B32F8D01C} = {030C1ACA-A8D3-4D03-8041-F2D076C3B9EC}
	EndGlobalSection
	GlobalSection(ExtensibilityGlobals) = postSolution
		SolutionGuid = {C9AACCCF-6901-44F7-A66C-B1852D67BA4C}
	EndGlobalSection
EndGlobal
