{
  "name": "asp.net",
  "version": "1.0.0",
  "lockfileVersion": 1,
  "requires": true,
  "dependencies": {
    "@fortawesome/fontawesome-free": {
      "version": "5.7.2",
      "resolved": "https://registry.npmjs.org/@fortawesome/fontawesome-free/-/fontawesome-free-5.7.2.tgz",
      "integrity": "sha512-Ha4HshKdCVKgu4TVCtG8XyPPYdzTzNW4/fvPnn+LT7AosRABryhlRv4cc4+o84dgpvVJN9reN7jo/c+nYujFug=="
    },
    "bootstrap": {
      "version": "4.3.1",
      "resolved": "https://registry.npmjs.org/bootstrap/-/bootstrap-4.3.1.tgz",
      "integrity": "sha512-rXqOmH1VilAt2DyPzluTi2blhk17bO7ef+zLLPlWvG494pDxcM234pJ8wTc/6R40UWizAIIMgxjvxZg5kmsbag=="
    },
    "font-awesome": {
      "version": "4.7.0",
      "resolved": "https://registry.npmjs.org/font-awesome/-/font-awesome-4.7.0.tgz",
      "integrity": "sha1-j6jPBBGhoxr9B7BtKQK7n8gVoTM="
    },
    "jquery": {
      "version": "3.3.1",
      "resolved": "https://registry.npmjs.org/jquery/-/jquery-3.3.1.tgz",
      "integrity": "sha512-Ubldcmxp5np52/ENotGxlLe6aGMvmF4R8S6tZjsP6Knsaxd/xp3Zrh50cG93lR6nPXyUFwzN3ZSOQI0wRJNdGg=="
    },
    "jquery-validation": {
      "version": "1.19.0",
      "resolved": "https://registry.npmjs.org/jquery-validation/-/jquery-validation-1.19.0.tgz",
      "integrity": "sha512-i1ygcs9K9eI0jqQ8fiOZdT0Ofw941YII1zyPQDUkBS8t2G8SoSWz8UUEVT6gV1KvsaBbovtL8YxjLALACR0syQ==",
      "requires": {
        "jquery": "^1.7 || ^2.0 || ^3.1"
      }
    },
    "jquery-validation-unobtrusive": {
      "version": "3.2.11",
      "resolved": "https://registry.npmjs.org/jquery-validation-unobtrusive/-/jquery-validation-unobtrusive-3.2.11.tgz",
      "integrity": "sha512-3FQPllaWdD+Aq55zJLGSW39+eXPDz1HhwAvrSwYi8zHQ8DVcu5IJ1HVeTiCl0BnCnrIBvfFU3zEB/DrGdcoRIQ==",
      "requires": {
        "jquery": ">=1.8",
        "jquery-validation": ">=1.16"
      }
    },
    "jquery.easing": {
      "version": "1.4.1",
      "resolved": "https://registry.npmjs.org/jquery.easing/-/jquery.easing-1.4.1.tgz",
      "integrity": "sha1-R5gsWDa9dY/UhJSSPEoQHvbpPjs="
    },
    "magnific-popup": {
      "version": "1.1.0",
      "resolved": "https://registry.npmjs.org/magnific-popup/-/magnific-popup-1.1.0.tgz",
      "integrity": "sha1-PnNixb0Y9nhf6Z5Z0BPiCvM9MEk="
    },
    "startbootstrap-freelancer": {
      "version": "5.0.3",
      "resolved": "https://registry.npmjs.org/startbootstrap-freelancer/-/startbootstrap-freelancer-5.0.3.tgz",
      "integrity": "sha512-oTd/YpuklIls1cHKK5jdX9i/ipogt60kelZJ5+XrBiFtRXl0kJ5757f60uqQzsJBeRVKBmNGTj0DjFhERfXu7w==",
      "requires": {
        "@fortawesome/fontawesome-free": "5.7.2",
        "bootstrap": "4.3.1",
        "jquery": "3.3.1",
        "jquery.easing": "^1.4.1",
        "magnific-popup": "^1.1.0"
      }
    }
  }
}
